
Microsoft Visual Studio Solution File, Format Version 12.00
# Visual Studio Version 17
VisualStudioVersion = 17.9.34723.18
MinimumVisualStudioVersion = 10.0.40219.1
Project("{9A19103F-16F7-4668-BE54-9A1E7A4F7556}") = "ChatApp", "ChatApp.csproj", "{D4E38CFA-A2E7-4061-8EA9-B8D83F142301}"
EndProject
Global
	GlobalSection(SolutionConfigurationPlatforms) = preSolution
		Debug|Any CPU = Debug|Any CPU
		Release|Any CPU = Release|Any CPU
	EndGlobalSection
	GlobalSection(ProjectConfigurationPlatforms) = postSolution
		{D4E38CFA-A2E7-4061-8EA9-B8D83F142301}.Debug|Any CPU.ActiveCfg = Debug|Any CPU
		{D4E38CFA-A2E7-4061-8EA9-B8D83F142301}.Debug|Any CPU.Build.0 = Debug|Any CPU
		{D4E38CFA-A2E7-4061-8EA9-B8D83F142301}.Release|Any CPU.ActiveCfg = Release|Any CPU
		{D4E38CFA-A2E7-4061-8EA9-B8D83F142301}.Release|Any CPU.Build.0 = Release|Any CPU
	EndGlobalSection
	GlobalSection(SolutionProperties) = preSolution
		HideSolutionNode = FALSE
	EndGlobalSection
	GlobalSection(ExtensibilityGlobals) = postSolution
		SolutionGuid = {8A487B57-7704-4863-B340-8F28D580684D}
	EndGlobalSection
EndGlobal
